
Microsoft Visual Studio Solution File, Format Version 12.00
# Visual Studio 15
VisualStudioVersion = 15.0.28307.168
MinimumVisualStudioVersion = 10.0.40219.1
Project("{FAE04EC0-301F-11D3-BF4B-00C04F79EFBC}") = "StudentWebForms", "StudentWebForms\StudentWebForms.csproj", "{17B7BFD0-1FB4-4A54-B662-5618574FB5F4}"
EndProject
Global
	GlobalSection(SolutionConfigurationPlatforms) = preSolution
		Debug|Any CPU = Debug|Any CPU
		Release|Any CPU = Release|Any CPU
	EndGlobalSection
	GlobalSection(ProjectConfigurationPlatforms) = postSolution
		{17B7BFD0-1FB4-4A54-B662-5618574FB5F4}.Debug|Any CPU.ActiveCfg = Debug|Any CPU
		{17B7BFD0-1FB4-4A54-B662-5618574FB5F4}.Debug|Any CPU.Build.0 = Debug|Any CPU
		{17B7BFD0-1FB4-4A54-B662-5618574FB5F4}.Release|Any CPU.ActiveCfg = Release|Any CPU
		{17B7BFD0-1FB4-4A54-B662-5618574FB5F4}.Release|Any CPU.Build.0 = Release|Any CPU
	EndGlobalSection
	GlobalSection(SolutionProperties) = preSolution
		HideSolutionNode = FALSE
	EndGlobalSection
	GlobalSection(ExtensibilityGlobals) = postSolution
		SolutionGuid = {2B548062-17BD-420E-BC18-B79C85B7465F}
	EndGlobalSection
EndGlobal
